
Microsoft Visual Studio Solution File, Format Version 12.00
# Visual Studio Version 16
VisualStudioVersion = 16.0.30114.105
MinimumVisualStudioVersion = 10.0.40219.1
Project("{FAE04EC0-301F-11D3-BF4B-00C04F79EFBC}") = "EmployeeSite", "EmployeeSite\EmployeeSite.csproj", "{9EBAD418-ECBC-4887-8BEB-786D21535ACA}"
EndProject
Global
	GlobalSection(SolutionConfigurationPlatforms) = preSolution
		Debug|Any CPU = Debug|Any CPU
		Release|Any CPU = Release|Any CPU
	EndGlobalSection
	GlobalSection(ProjectConfigurationPlatforms) = postSolution
		{9EBAD418-ECBC-4887-8BEB-786D21535ACA}.Debug|Any CPU.ActiveCfg = Debug|Any CPU
		{9EBAD418-ECBC-4887-8BEB-786D21535ACA}.Debug|Any CPU.Build.0 = Debug|Any CPU
		{9EBAD418-ECBC-4887-8BEB-786D21535ACA}.Release|Any CPU.ActiveCfg = Release|Any CPU
		{9EBAD418-ECBC-4887-8BEB-786D21535ACA}.Release|Any CPU.Build.0 = Release|Any CPU
	EndGlobalSection
	GlobalSection(SolutionProperties) = preSolution
		HideSolutionNode = FALSE
	EndGlobalSection
	GlobalSection(ExtensibilityGlobals) = postSolution
		SolutionGuid = {7EFDF278-7AF2-4095-8397-6E92F9464A28}
	EndGlobalSection
EndGlobal
